
Microsoft Visual Studio Solution File, Format Version 12.00
# Visual Studio Version 17
VisualStudioVersion = 17.9.34723.18
MinimumVisualStudioVersion = 10.0.40219.1
Project("{9A19103F-16F7-4668-BE54-9A1E7A4F7556}") = "Api", "backend\Api.csproj", "{3FF48DBC-1266-4487-B6D5-743A40D75416}"
EndProject
Project("{2150E333-8FDC-42A3-9474-1A3956D46DE8}") = "2. backend", "2. backend", "{9C0554DC-3F68-4C64-AF4D-5370DBE5F08E}"
EndProject
Project("{2150E333-8FDC-42A3-9474-1A3956D46DE8}") = "1. frontend", "1. frontend", "{A884300C-194B-43E3-88E3-476E69725BBD}"
EndProject
Project("{2150E333-8FDC-42A3-9474-1A3956D46DE8}") = "1. Api", "1. Api", "{71670FA5-2E08-454B-8870-719CF64200DE}"
EndProject
Project("{2150E333-8FDC-42A3-9474-1A3956D46DE8}") = "2. Application", "2. Application", "{4FF86308-41AB-49D4-B554-FAC62F56004F}"
EndProject
Project("{2150E333-8FDC-42A3-9474-1A3956D46DE8}") = "3. Domain", "3. Domain", "{FB625163-8D0B-4915-BC88-452D0EEB52E1}"
EndProject
Project("{2150E333-8FDC-42A3-9474-1A3956D46DE8}") = "4. Infrastructure", "4. Infrastructure", "{2327F29A-BE31-4D93-9709-F52E890D40BE}"
EndProject
Project("{54A90642-561A-4BB1-A94E-469ADEE60C69}") = "frontend", "frontend\frontend.esproj", "{81D363AE-AF74-47A6-94FA-74A5D117441B}"
EndProject
Project("{E53339B2-1760-4266-BCC7-CA923CBCF16C}") = "docker-compose", "docker-compose.dcproj", "{57533A5C-771D-45C9-A228-D46CFE8779C1}"
EndProject
Project("{FAE04EC0-301F-11D3-BF4B-00C04F79EFBC}") = "Application", "Application\Application.csproj", "{93C0A25D-738F-4723-B474-4CEE1375847E}"
EndProject
Project("{FAE04EC0-301F-11D3-BF4B-00C04F79EFBC}") = "Domain", "Domain\Domain.csproj", "{9AB97D69-896B-404F-B383-8E2A642F7D20}"
EndProject
Project("{FAE04EC0-301F-11D3-BF4B-00C04F79EFBC}") = "Configuration", "Configuration\Configuration.csproj", "{A8579781-B1AD-4DDA-9C0F-5262CBDE5F51}"
EndProject
Project("{FAE04EC0-301F-11D3-BF4B-00C04F79EFBC}") = "Repository", "Repository\Repository.csproj", "{464C11A4-BE14-41EE-98B6-A8633B6978A7}"
EndProject
Project("{FAE04EC0-301F-11D3-BF4B-00C04F79EFBC}") = "Api.Tests", "Api.Tests\Api.Tests.csproj", "{1AB3FEA5-EF3B-42FC-88DC-19D9061DA246}"
EndProject
Project("{FAE04EC0-301F-11D3-BF4B-00C04F79EFBC}") = "Application.Tests", "Application.Tests\Application.Tests.csproj", "{2C049021-DD0C-4953-B227-2E5C815E4C4B}"
EndProject
Project("{FAE04EC0-301F-11D3-BF4B-00C04F79EFBC}") = "Domain.Tests", "Domain.Tests\Domain.Tests.csproj", "{E4AECDF8-226B-4B2A-8630-4236406322D1}"
EndProject
Global
	GlobalSection(SolutionConfigurationPlatforms) = preSolution
		Debug|Any CPU = Debug|Any CPU
		Release|Any CPU = Release|Any CPU
	EndGlobalSection
	GlobalSection(ProjectConfigurationPlatforms) = postSolution
		{3FF48DBC-1266-4487-B6D5-743A40D75416}.Debug|Any CPU.ActiveCfg = Debug|Any CPU
		{3FF48DBC-1266-4487-B6D5-743A40D75416}.Debug|Any CPU.Build.0 = Debug|Any CPU
		{3FF48DBC-1266-4487-B6D5-743A40D75416}.Release|Any CPU.ActiveCfg = Release|Any CPU
		{3FF48DBC-1266-4487-B6D5-743A40D75416}.Release|Any CPU.Build.0 = Release|Any CPU
		{81D363AE-AF74-47A6-94FA-74A5D117441B}.Debug|Any CPU.ActiveCfg = Debug|Any CPU
		{81D363AE-AF74-47A6-94FA-74A5D117441B}.Debug|Any CPU.Build.0 = Debug|Any CPU
		{81D363AE-AF74-47A6-94FA-74A5D117441B}.Debug|Any CPU.Deploy.0 = Debug|Any CPU
		{81D363AE-AF74-47A6-94FA-74A5D117441B}.Release|Any CPU.ActiveCfg = Release|Any CPU
		{81D363AE-AF74-47A6-94FA-74A5D117441B}.Release|Any CPU.Build.0 = Release|Any CPU
		{81D363AE-AF74-47A6-94FA-74A5D117441B}.Release|Any CPU.Deploy.0 = Release|Any CPU
		{57533A5C-771D-45C9-A228-D46CFE8779C1}.Debug|Any CPU.ActiveCfg = Debug|Any CPU
		{57533A5C-771D-45C9-A228-D46CFE8779C1}.Debug|Any CPU.Build.0 = Debug|Any CPU
		{57533A5C-771D-45C9-A228-D46CFE8779C1}.Release|Any CPU.ActiveCfg = Release|Any CPU
		{57533A5C-771D-45C9-A228-D46CFE8779C1}.Release|Any CPU.Build.0 = Release|Any CPU
		{93C0A25D-738F-4723-B474-4CEE1375847E}.Debug|Any CPU.ActiveCfg = Debug|Any CPU
		{93C0A25D-738F-4723-B474-4CEE1375847E}.Debug|Any CPU.Build.0 = Debug|Any CPU
		{93C0A25D-738F-4723-B474-4CEE1375847E}.Release|Any CPU.ActiveCfg = Release|Any CPU
		{93C0A25D-738F-4723-B474-4CEE1375847E}.Release|Any CPU.Build.0 = Release|Any CPU
		{9AB97D69-896B-404F-B383-8E2A642F7D20}.Debug|Any CPU.ActiveCfg = Debug|Any CPU
		{9AB97D69-896B-404F-B383-8E2A642F7D20}.Debug|Any CPU.Build.0 = Debug|Any CPU
		{9AB97D69-896B-404F-B383-8E2A642F7D20}.Release|Any CPU.ActiveCfg = Release|Any CPU
		{9AB97D69-896B-404F-B383-8E2A642F7D20}.Release|Any CPU.Build.0 = Release|Any CPU
		{A8579781-B1AD-4DDA-9C0F-5262CBDE5F51}.Debug|Any CPU.ActiveCfg = Debug|Any CPU
		{A8579781-B1AD-4DDA-9C0F-5262CBDE5F51}.Debug|Any CPU.Build.0 = Debug|Any CPU
		{A8579781-B1AD-4DDA-9C0F-5262CBDE5F51}.Release|Any CPU.ActiveCfg = Release|Any CPU
		{A8579781-B1AD-4DDA-9C0F-5262CBDE5F51}.Release|Any CPU.Build.0 = Release|Any CPU
		{464C11A4-BE14-41EE-98B6-A8633B6978A7}.Debug|Any CPU.ActiveCfg = Debug|Any CPU
		{464C11A4-BE14-41EE-98B6-A8633B6978A7}.Debug|Any CPU.Build.0 = Debug|Any CPU
		{464C11A4-BE14-41EE-98B6-A8633B6978A7}.Release|Any CPU.ActiveCfg = Release|Any CPU
		{464C11A4-BE14-41EE-98B6-A8633B6978A7}.Release|Any CPU.Build.0 = Release|Any CPU
		{1AB3FEA5-EF3B-42FC-88DC-19D9061DA246}.Debug|Any CPU.ActiveCfg = Debug|Any CPU
		{1AB3FEA5-EF3B-42FC-88DC-19D9061DA246}.Debug|Any CPU.Build.0 = Debug|Any CPU
		{1AB3FEA5-EF3B-42FC-88DC-19D9061DA246}.Release|Any CPU.ActiveCfg = Release|Any CPU
		{1AB3FEA5-EF3B-42FC-88DC-19D9061DA246}.Release|Any CPU.Build.0 = Release|Any CPU
		{2C049021-DD0C-4953-B227-2E5C815E4C4B}.Debug|Any CPU.ActiveCfg = Debug|Any CPU
		{2C049021-DD0C-4953-B227-2E5C815E4C4B}.Debug|Any CPU.Build.0 = Debug|Any CPU
		{2C049021-DD0C-4953-B227-2E5C815E4C4B}.Release|Any CPU.ActiveCfg = Release|Any CPU
		{2C049021-DD0C-4953-B227-2E5C815E4C4B}.Release|Any CPU.Build.0 = Release|Any CPU
		{E4AECDF8-226B-4B2A-8630-4236406322D1}.Debug|Any CPU.ActiveCfg = Debug|Any CPU
		{E4AECDF8-226B-4B2A-8630-4236406322D1}.Debug|Any CPU.Build.0 = Debug|Any CPU
		{E4AECDF8-226B-4B2A-8630-4236406322D1}.Release|Any CPU.ActiveCfg = Release|Any CPU
		{E4AECDF8-226B-4B2A-8630-4236406322D1}.Release|Any CPU.Build.0 = Release|Any CPU
	EndGlobalSection
	GlobalSection(SolutionProperties) = preSolution
		HideSolutionNode = FALSE
	EndGlobalSection
	GlobalSection(NestedProjects) = preSolution
		{3FF48DBC-1266-4487-B6D5-743A40D75416} = {71670FA5-2E08-454B-8870-719CF64200DE}
		{71670FA5-2E08-454B-8870-719CF64200DE} = {9C0554DC-3F68-4C64-AF4D-5370DBE5F08E}
		{4FF86308-41AB-49D4-B554-FAC62F56004F} = {9C0554DC-3F68-4C64-AF4D-5370DBE5F08E}
		{FB625163-8D0B-4915-BC88-452D0EEB52E1} = {9C0554DC-3F68-4C64-AF4D-5370DBE5F08E}
		{2327F29A-BE31-4D93-9709-F52E890D40BE} = {9C0554DC-3F68-4C64-AF4D-5370DBE5F08E}
		{81D363AE-AF74-47A6-94FA-74A5D117441B} = {A884300C-194B-43E3-88E3-476E69725BBD}
		{93C0A25D-738F-4723-B474-4CEE1375847E} = {4FF86308-41AB-49D4-B554-FAC62F56004F}
		{9AB97D69-896B-404F-B383-8E2A642F7D20} = {FB625163-8D0B-4915-BC88-452D0EEB52E1}
		{A8579781-B1AD-4DDA-9C0F-5262CBDE5F51} = {2327F29A-BE31-4D93-9709-F52E890D40BE}
		{464C11A4-BE14-41EE-98B6-A8633B6978A7} = {2327F29A-BE31-4D93-9709-F52E890D40BE}
		{1AB3FEA5-EF3B-42FC-88DC-19D9061DA246} = {71670FA5-2E08-454B-8870-719CF64200DE}
		{2C049021-DD0C-4953-B227-2E5C815E4C4B} = {4FF86308-41AB-49D4-B554-FAC62F56004F}
		{E4AECDF8-226B-4B2A-8630-4236406322D1} = {FB625163-8D0B-4915-BC88-452D0EEB52E1}
	EndGlobalSection
	GlobalSection(ExtensibilityGlobals) = postSolution
		SolutionGuid = {48F0C28A-1EFC-45C4-B308-BA97E23A9CEB}
	EndGlobalSection
EndGlobal
